
Microsoft Visual Studio Solution File, Format Version 12.00
# Visual Studio Version 16
VisualStudioVersion = 16.0.29519.181
MinimumVisualStudioVersion = 10.0.40219.1
Project("{FAE04EC0-301F-11D3-BF4B-00C04F79EFBC}") = "EGN_Validator", "EGN_Validator\EGN_Validator.csproj", "{0E98FAAE-F3E6-478D-81F1-3771CDFBCE42}"
EndProject
Global
	GlobalSection(SolutionConfigurationPlatforms) = preSolution
		Debug|Any CPU = Debug|Any CPU
		Release|Any CPU = Release|Any CPU
	EndGlobalSection
	GlobalSection(ProjectConfigurationPlatforms) = postSolution
		{0E98FAAE-F3E6-478D-81F1-3771CDFBCE42}.Debug|Any CPU.ActiveCfg = Debug|Any CPU
		{0E98FAAE-F3E6-478D-81F1-3771CDFBCE42}.Debug|Any CPU.Build.0 = Debug|Any CPU
		{0E98FAAE-F3E6-478D-81F1-3771CDFBCE42}.Release|Any CPU.ActiveCfg = Release|Any CPU
		{0E98FAAE-F3E6-478D-81F1-3771CDFBCE42}.Release|Any CPU.Build.0 = Release|Any CPU
	EndGlobalSection
	GlobalSection(SolutionProperties) = preSolution
		HideSolutionNode = FALSE
	EndGlobalSection
	GlobalSection(ExtensibilityGlobals) = postSolution
		SolutionGuid = {34845289-CCCD-45EB-AEC8-4AAF4DACFA9F}
	EndGlobalSection
EndGlobal
